
Microsoft Visual Studio Solution File, Format Version 12.00
# Visual Studio Version 18
VisualStudioVersion = 18.0.11222.15 d18.0
MinimumVisualStudioVersion = 10.0.40219.1
Project("{9A19103F-16F7-4668-BE54-9A1E7A4F7556}") = "System.Windows.Forms.DataVisualization", "pkg\System.Windows.Forms.DataVisualization.csproj", "{CA4C5FB2-92AC-467D-9DB3-1C1F9076A0BC}"
EndProject
Project("{9A19103F-16F7-4668-BE54-9A1E7A4F7556}") = "System.Windows.Forms.DataVisualization.Charting", "src\System.Windows.Forms.DataVisualization\System.Windows.Forms.DataVisualization.Charting.csproj", "{1944C3B0-C641-419D-AE92-A96DD39B7C4F}"
EndProject
Project("{2150E333-8FDC-42A3-9474-1A3956D46DE8}") = "Solution Items", "Solution Items", "{E1E91F85-AF3A-4461-B220-9CFF472B6FE1}"
	ProjectSection(SolutionItems) = preProject
		.editorconfig = .editorconfig
		.gitignore = .gitignore
		azure-pipelines.yml = azure-pipelines.yml
		build.cmd = build.cmd
		CODE-OF-CONDUCT.md = CODE-OF-CONDUCT.md
		CODEOWNERS = CODEOWNERS
		global.json = global.json
		LICENSE.TXT = LICENSE.TXT
		NuGet.config = NuGet.config
		README.md = README.md
		sample-screenshot.png = sample-screenshot.png
		SECURITY.md = SECURITY.md
		THIRD-PARTY-NOTICES.TXT = THIRD-PARTY-NOTICES.TXT
	EndProjectSection
EndProject
Global
	GlobalSection(SolutionConfigurationPlatforms) = preSolution
		Debug|Any CPU = Debug|Any CPU
		Release|Any CPU = Release|Any CPU
	EndGlobalSection
	GlobalSection(ProjectConfigurationPlatforms) = postSolution
		{CA4C5FB2-92AC-467D-9DB3-1C1F9076A0BC}.Debug|Any CPU.ActiveCfg = Debug|Any CPU
		{CA4C5FB2-92AC-467D-9DB3-1C1F9076A0BC}.Debug|Any CPU.Build.0 = Debug|Any CPU
		{CA4C5FB2-92AC-467D-9DB3-1C1F9076A0BC}.Release|Any CPU.ActiveCfg = Release|Any CPU
		{CA4C5FB2-92AC-467D-9DB3-1C1F9076A0BC}.Release|Any CPU.Build.0 = Release|Any CPU
		{1944C3B0-C641-419D-AE92-A96DD39B7C4F}.Debug|Any CPU.ActiveCfg = Debug|Any CPU
		{1944C3B0-C641-419D-AE92-A96DD39B7C4F}.Debug|Any CPU.Build.0 = Debug|Any CPU
		{1944C3B0-C641-419D-AE92-A96DD39B7C4F}.Release|Any CPU.ActiveCfg = Release|Any CPU
		{1944C3B0-C641-419D-AE92-A96DD39B7C4F}.Release|Any CPU.Build.0 = Release|Any CPU
	EndGlobalSection
	GlobalSection(SolutionProperties) = preSolution
		HideSolutionNode = FALSE
	EndGlobalSection
	GlobalSection(ExtensibilityGlobals) = postSolution
		SolutionGuid = {9197CCA8-9853-4465-BBEC-C5FA3BB7008E}
	EndGlobalSection
EndGlobal
